
Microsoft Visual Studio Solution File, Format Version 12.00
Project("{FAE04EC0-301F-11D3-BF4B-00C04F79EFBC}") = "DIKUArcade", "..\DIKUArcade\DIKUArcade\DIKUArcade.csproj", "{A1E4E4DF-0967-4096-9E3C-FBC29B7D07DD}"
EndProject
Project("{FAE04EC0-301F-11D3-BF4B-00C04F79EFBC}") = "Galaga-Exercise-1", "Galaga-Exercise-1\Galaga-Exercise-1.csproj", "{460931B4-FD1B-4C2A-B693-C37EAE35F98D}"
EndProject
Project("{FAE04EC0-301F-11D3-BF4B-00C04F79EFBC}") = "Galaga-Exercise-2", "Galaga-Exercise-2\Galaga-Exercise-2.csproj", "{8D34D0F4-8B5B-4D00-8BE8-D12BC6522618}"
EndProject
Project("{FAE04EC0-301F-11D3-BF4B-00C04F79EFBC}") = "Galaga-Exercise-3", "Galaga-Exercise-3\Galaga-Exercise-3.csproj", "{B0BACA6E-AA2D-4C0D-BA27-2B5B38B0D230}"
EndProject
Project("{FAE04EC0-301F-11D3-BF4B-00C04F79EFBC}") = "GalagaTesting", "GalagaTesting\GalagaTesting.csproj", "{2531F2B2-991B-409F-98D8-9A950BC0C475}"
EndProject
Global
	GlobalSection(SolutionConfigurationPlatforms) = preSolution
		Debug|Any CPU = Debug|Any CPU
		Release|Any CPU = Release|Any CPU
	EndGlobalSection
	GlobalSection(ProjectConfigurationPlatforms) = postSolution
		{A1E4E4DF-0967-4096-9E3C-FBC29B7D07DD}.Debug|Any CPU.ActiveCfg = Debug|Any CPU
		{A1E4E4DF-0967-4096-9E3C-FBC29B7D07DD}.Debug|Any CPU.Build.0 = Debug|Any CPU
		{A1E4E4DF-0967-4096-9E3C-FBC29B7D07DD}.Release|Any CPU.ActiveCfg = Release|Any CPU
		{A1E4E4DF-0967-4096-9E3C-FBC29B7D07DD}.Release|Any CPU.Build.0 = Release|Any CPU
		{460931B4-FD1B-4C2A-B693-C37EAE35F98D}.Debug|Any CPU.ActiveCfg = Debug|Any CPU
		{460931B4-FD1B-4C2A-B693-C37EAE35F98D}.Debug|Any CPU.Build.0 = Debug|Any CPU
		{460931B4-FD1B-4C2A-B693-C37EAE35F98D}.Release|Any CPU.ActiveCfg = Release|Any CPU
		{460931B4-FD1B-4C2A-B693-C37EAE35F98D}.Release|Any CPU.Build.0 = Release|Any CPU
		{8D34D0F4-8B5B-4D00-8BE8-D12BC6522618}.Debug|Any CPU.ActiveCfg = Debug|Any CPU
		{8D34D0F4-8B5B-4D00-8BE8-D12BC6522618}.Debug|Any CPU.Build.0 = Debug|Any CPU
		{8D34D0F4-8B5B-4D00-8BE8-D12BC6522618}.Release|Any CPU.ActiveCfg = Release|Any CPU
		{8D34D0F4-8B5B-4D00-8BE8-D12BC6522618}.Release|Any CPU.Build.0 = Release|Any CPU
		{B0BACA6E-AA2D-4C0D-BA27-2B5B38B0D230}.Debug|Any CPU.ActiveCfg = Debug|Any CPU
		{B0BACA6E-AA2D-4C0D-BA27-2B5B38B0D230}.Debug|Any CPU.Build.0 = Debug|Any CPU
		{B0BACA6E-AA2D-4C0D-BA27-2B5B38B0D230}.Release|Any CPU.ActiveCfg = Release|Any CPU
		{B0BACA6E-AA2D-4C0D-BA27-2B5B38B0D230}.Release|Any CPU.Build.0 = Release|Any CPU
		{2531F2B2-991B-409F-98D8-9A950BC0C475}.Debug|Any CPU.ActiveCfg = Debug|Any CPU
		{2531F2B2-991B-409F-98D8-9A950BC0C475}.Debug|Any CPU.Build.0 = Debug|Any CPU
		{2531F2B2-991B-409F-98D8-9A950BC0C475}.Release|Any CPU.ActiveCfg = Release|Any CPU
		{2531F2B2-991B-409F-98D8-9A950BC0C475}.Release|Any CPU.Build.0 = Release|Any CPU
	EndGlobalSection
EndGlobal
